PODS:
  - Flutter (1.0.0)
  - flutter_security_checker (0.0.1):
    - Flutter

DEPENDENCIES:
  - Flutter (from `Flutter`)
  - flutter_security_checker (from `.symlinks/plugins/flutter_security_checker/ios`)

EXTERNAL SOURCES:
  Flutter:
    :path: Flutter
  flutter_security_checker:
    :path: ".symlinks/plugins/flutter_security_checker/ios"

SPEC CHECKSUMS:
  Flutter: 434fef37c0980e73bb6479ef766c45957d4b510c
  flutter_security_checker: bc02425be713567eb6f9e89018f8ab62331a7b76

PODFILE CHECKSUM: 8e679eca47255a8ca8067c4c67aab20e64cb974d

COCOAPODS: 1.10.1
